
Microsoft Visual Studio Solution File, Format Version 12.00
# Visual Studio Version 17
VisualStudioVersion = 17.4.33205.214
MinimumVisualStudioVersion = 10.0.40219.1
Project("{9A19103F-16F7-4668-BE54-9A1E7A4F7556}") = "ixconsole.app", "ixconsole\ixconsole.app.csproj", "{71FD3A3C-9DA1-4353-9F90-BBBF131001F7}"
EndProject
Project("{9A19103F-16F7-4668-BE54-9A1E7A4F7556}") = "ixconsole", "ixconsole.twin\ixconsole.csproj", "{55179ED3-0CD0-4268-B6BC-90FE03ECC7EE}"
EndProject
Global
	GlobalSection(SolutionConfigurationPlatforms) = preSolution
		Debug|Any CPU = Debug|Any CPU
		Release|Any CPU = Release|Any CPU
	EndGlobalSection
	GlobalSection(ProjectConfigurationPlatforms) = postSolution
		{71FD3A3C-9DA1-4353-9F90-BBBF131001F7}.Debug|Any CPU.ActiveCfg = Debug|Any CPU
		{71FD3A3C-9DA1-4353-9F90-BBBF131001F7}.Debug|Any CPU.Build.0 = Debug|Any CPU
		{71FD3A3C-9DA1-4353-9F90-BBBF131001F7}.Release|Any CPU.ActiveCfg = Release|Any CPU
		{71FD3A3C-9DA1-4353-9F90-BBBF131001F7}.Release|Any CPU.Build.0 = Release|Any CPU
		{55179ED3-0CD0-4268-B6BC-90FE03ECC7EE}.Debug|Any CPU.ActiveCfg = Debug|Any CPU
		{55179ED3-0CD0-4268-B6BC-90FE03ECC7EE}.Debug|Any CPU.Build.0 = Debug|Any CPU
		{55179ED3-0CD0-4268-B6BC-90FE03ECC7EE}.Release|Any CPU.ActiveCfg = Release|Any CPU
		{55179ED3-0CD0-4268-B6BC-90FE03ECC7EE}.Release|Any CPU.Build.0 = Release|Any CPU
	EndGlobalSection
	GlobalSection(SolutionProperties) = preSolution
		HideSolutionNode = FALSE
	EndGlobalSection
	GlobalSection(ExtensibilityGlobals) = postSolution
		SolutionGuid = {AD217924-BCBC-488B-80C2-F8529CFB28F3}
	EndGlobalSection
EndGlobal
