
Microsoft Visual Studio Solution File, Format Version 12.00
# Visual Studio Version 17
VisualStudioVersion = 17.5.002.0
MinimumVisualStudioVersion = 10.0.40219.1
Project("{9A19103F-16F7-4668-BE54-9A1E7A4F7556}") = "ix_integration_plc", "ix\ix_integration_plc.csproj", "{D26353F3-13BB-4EF2-8737-64394B9F727B}"
EndProject
Global
	GlobalSection(SolutionConfigurationPlatforms) = preSolution
		Debug|Any CPU = Debug|Any CPU
		Release|Any CPU = Release|Any CPU
	EndGlobalSection
	GlobalSection(ProjectConfigurationPlatforms) = postSolution
		{D26353F3-13BB-4EF2-8737-64394B9F727B}.Debug|Any CPU.ActiveCfg = Debug|Any CPU
		{D26353F3-13BB-4EF2-8737-64394B9F727B}.Debug|Any CPU.Build.0 = Debug|Any CPU
		{D26353F3-13BB-4EF2-8737-64394B9F727B}.Release|Any CPU.ActiveCfg = Release|Any CPU
		{D26353F3-13BB-4EF2-8737-64394B9F727B}.Release|Any CPU.Build.0 = Release|Any CPU
	EndGlobalSection
	GlobalSection(SolutionProperties) = preSolution
		HideSolutionNode = FALSE
	EndGlobalSection
	GlobalSection(ExtensibilityGlobals) = postSolution
		SolutionGuid = {E0DF88D2-E674-451C-92AB-7F9FCDB9E244}
	EndGlobalSection
EndGlobal
