
Microsoft Visual Studio Solution File, Format Version 12.00
# Visual Studio Version 17
VisualStudioVersion = 17.5.002.0
MinimumVisualStudioVersion = 10.0.40219.1
Project("{9A19103F-16F7-4668-BE54-9A1E7A4F7556}") = "integrated", "ix\integrated.csproj", "{DF21559F-EEFD-4415-8A15-889B8E4C059E}"
EndProject
Global
	GlobalSection(SolutionConfigurationPlatforms) = preSolution
		Debug|Any CPU = Debug|Any CPU
		Release|Any CPU = Release|Any CPU
	EndGlobalSection
	GlobalSection(ProjectConfigurationPlatforms) = postSolution
		{DF21559F-EEFD-4415-8A15-889B8E4C059E}.Debug|Any CPU.ActiveCfg = Debug|Any CPU
		{DF21559F-EEFD-4415-8A15-889B8E4C059E}.Debug|Any CPU.Build.0 = Debug|Any CPU
		{DF21559F-EEFD-4415-8A15-889B8E4C059E}.Release|Any CPU.ActiveCfg = Release|Any CPU
		{DF21559F-EEFD-4415-8A15-889B8E4C059E}.Release|Any CPU.Build.0 = Release|Any CPU
	EndGlobalSection
	GlobalSection(SolutionProperties) = preSolution
		HideSolutionNode = FALSE
	EndGlobalSection
	GlobalSection(ExtensibilityGlobals) = postSolution
		SolutionGuid = {83F81339-940A-43AE-AEE8-4D7495E2F4D6}
	EndGlobalSection
EndGlobal
