
Microsoft Visual Studio Solution File, Format Version 12.00
# Visual Studio Version 17
VisualStudioVersion = 17.3.32804.467
MinimumVisualStudioVersion = 10.0.40219.1
Project("{2150E333-8FDC-42A3-9474-1A3956D46DE8}") = "ix.abstractions", "ix.abstractions", "{966916F3-7281-4FFF-89C3-D33B5EF6B285}"
EndProject
Project("{2150E333-8FDC-42A3-9474-1A3956D46DE8}") = "src", "src", "{A0D8F711-000B-4AB0-9144-C0E38E97044E}"
EndProject
Project("{2150E333-8FDC-42A3-9474-1A3956D46DE8}") = "tests", "tests", "{E1F34C9B-C351-4AE3-9005-22184D465D8F}"
EndProject
Project("{2150E333-8FDC-42A3-9474-1A3956D46DE8}") = "ix.connectors", "ix.connectors", "{19A59635-F7DD-47A7-B6D3-FEBC5966C7EB}"
EndProject
Project("{2150E333-8FDC-42A3-9474-1A3956D46DE8}") = "src", "src", "{7F2A7036-E894-46A0-ADDA-6E69A5387CE4}"
EndProject
Project("{2150E333-8FDC-42A3-9474-1A3956D46DE8}") = "tests", "tests", "{2C77593D-3432-408B-8E94-C41D7BD4242F}"
EndProject
Project("{9A19103F-16F7-4668-BE54-9A1E7A4F7556}") = "Ix.Connector", "ix.connectors\src\Ix.Connector\Ix.Connector.csproj", "{D3C05DE9-A8A9-4082-81F2-C6D268156AF6}"
EndProject
Project("{2150E333-8FDC-42A3-9474-1A3956D46DE8}") = "ix.blazor", "ix.blazor", "{075BA023-776A-4B93-BDC7-63310D4C96A5}"
EndProject
Project("{2150E333-8FDC-42A3-9474-1A3956D46DE8}") = "src", "src", "{7241D968-BBC0-4261-B9AE-8F30FF05DBDA}"
EndProject
Project("{2150E333-8FDC-42A3-9474-1A3956D46DE8}") = "tests", "tests", "{E7FC977B-1114-4D27-8FC8-DAB3F1323D24}"
EndProject
Project("{9A19103F-16F7-4668-BE54-9A1E7A4F7556}") = "ax-blazor-example", "ix.blazor\tests\sandbox\ax-blazor-example\ix\ax-blazor-example.csproj", "{A0305E4E-0FAE-4EC9-8566-0FC3BF4CF2C4}"
EndProject
Project("{9A19103F-16F7-4668-BE54-9A1E7A4F7556}") = "ComponentsExamples", "ix.blazor\tests\sandbox\ComponentsExamples\ComponentsExamples.csproj", "{1F148E18-2348-487E-9DAE-D8B147D29EB5}"
EndProject
Project("{2150E333-8FDC-42A3-9474-1A3956D46DE8}") = "ix.compiler", "ix.compiler", "{B3645E43-67FE-4920-9C53-2C96EC5C18FA}"
EndProject
Project("{9A19103F-16F7-4668-BE54-9A1E7A4F7556}") = "Ix.Compiler", "ix.compiler\src\IX.Compiler\Ix.Compiler.csproj", "{400B9776-45B3-4EAB-855F-61FAF4350123}"
EndProject
Project("{9A19103F-16F7-4668-BE54-9A1E7A4F7556}") = "Ix.Compiler.Cs", "ix.compiler\src\IX.Cs.Compiler\Ix.Compiler.Cs.csproj", "{E0C38A2E-C894-4ED6-815B-6EBD0C53B336}"
EndProject
Project("{9A19103F-16F7-4668-BE54-9A1E7A4F7556}") = "Ix.ixc", "ix.compiler\src\ixc\Ix.ixc.csproj", "{5FE208FF-0666-47BF-94AD-AA6B1A624741}"
EndProject
Project("{2150E333-8FDC-42A3-9474-1A3956D46DE8}") = "src", "src", "{2C99D61C-732B-4DD0-BC09-433FE6FCA8AE}"
EndProject
Project("{2150E333-8FDC-42A3-9474-1A3956D46DE8}") = "tests", "tests", "{02989C66-B1D1-4E5C-A350-6C3D18D0A6BD}"
EndProject
Project("{9A19103F-16F7-4668-BE54-9A1E7A4F7556}") = "Ix.CompilerTests", "ix.compiler\tests\IX.CompilerTests\Ix.CompilerTests.csproj", "{FA5408DB-AF7B-4564-94A4-CF01EE3584B4}"
EndProject
Project("{9A19103F-16F7-4668-BE54-9A1E7A4F7556}") = "Ix.Abstractions", "ix.abstractions\src\Ix.Abstractions\Ix.Abstractions.csproj", "{D339402A-F6FA-4814-869B-11394C5614D4}"
EndProject
Project("{9A19103F-16F7-4668-BE54-9A1E7A4F7556}") = "Ix.Presentation.Blazor.Controls", "ix.blazor\src\Ix.Presentation.Blazor.Controls\Ix.Presentation.Blazor.Controls.csproj", "{07EAF5E1-F423-4D64-B1F2-B174A81E157B}"
EndProject
Project("{9A19103F-16F7-4668-BE54-9A1E7A4F7556}") = "Ix.Presentation.Blazor", "ix.blazor\src\Ix.Presentation.Blazor\Ix.Presentation.Blazor.csproj", "{DD9F947B-1086-46A3-B02C-B1DC8E6AAD4F}"
EndProject
Project("{9A19103F-16F7-4668-BE54-9A1E7A4F7556}") = "Ix.Connector.S71500.WebAPITests", "ix.connectors\tests\Ix.Connector.Sax.WebAPITests\Ix.Connector.S71500.WebAPITests.csproj", "{11161782-4DEB-4A90-BEAF-BF169CCFFB53}"
EndProject
Project("{9A19103F-16F7-4668-BE54-9A1E7A4F7556}") = "Ix.ConnectorLegacyTests", "ix.connectors\tests\Ix.ConnectorLegacyTests\Ix.ConnectorLegacyTests.csproj", "{8E1D0932-A9DF-45AF-8ABC-A8C3F493D7E0}"
EndProject
Project("{9A19103F-16F7-4668-BE54-9A1E7A4F7556}") = "IxBlazor.App", "ix.blazor\tests\sandbox\IxBlazor.App\IxBlazor.App.csproj", "{B4FB4DA0-0EBC-4750-8AB4-2492F52A8B7D}"
EndProject
Project("{9A19103F-16F7-4668-BE54-9A1E7A4F7556}") = "Ix.RenderableContent.Tests", "ix.blazor\tests\sandbox\Ix.RenderableContent.Tests\Ix.RenderableContent.Tests.csproj", "{2C21FF98-E045-4FB0-B1F8-B36730DAD203}"
EndProject
Project("{2150E333-8FDC-42A3-9474-1A3956D46DE8}") = "exploring", "exploring", "{770B4C5C-5D60-4333-8920-943C45C0B765}"
EndProject
Project("{9A19103F-16F7-4668-BE54-9A1E7A4F7556}") = "exploratory.consoleapp", "ix.connectors\tests\exploring\exploratory.consoleapp\exploratory.consoleapp.csproj", "{D5AEBDB0-42D4-4242-A6DB-E5B65484C814}"
EndProject
Project("{2150E333-8FDC-42A3-9474-1A3956D46DE8}") = "sandbox", "sandbox", "{BD0039F3-FCC6-412B-B48C-1153E58D61FD}"
EndProject
Project("{2150E333-8FDC-42A3-9474-1A3956D46DE8}") = "integration", "integration", "{F30D5DD0-F259-49E0-AB1B-84DD8766A37A}"
EndProject
Project("{9A19103F-16F7-4668-BE54-9A1E7A4F7556}") = "ix-integration-plc", "sanbox\integration\ix-integration-plc\ix\ix-integration-plc.csproj", "{3489A372-4DD5-4A9F-A95B-43FF854CBF88}"
EndProject
Project("{9A19103F-16F7-4668-BE54-9A1E7A4F7556}") = "ix-integration-blazor", "sanbox\integration\ix-integration-blazor\ix-integration-blazor.csproj", "{3E367FAB-417A-4544-9750-80B385DD1FB0}"
EndProject
Project("{9A19103F-16F7-4668-BE54-9A1E7A4F7556}") = "Webserver.Api.Exploratory", "ix.connectors\tests\exploring\Webserver.Api.Exploratory\Webserver.Api.Exploratory.csproj", "{8533DF4C-9921-48EB-99C8-B0CE0FC1926D}"
EndProject
Project("{9A19103F-16F7-4668-BE54-9A1E7A4F7556}") = "Ix.Compiler.Abstractions", "ix.compiler\src\Ix.Compiler.Abstractions\Ix.Compiler.Abstractions.csproj", "{9306192F-8C38-41D9-BBCD-D99C92CA7B79}"
EndProject
Project("{9A19103F-16F7-4668-BE54-9A1E7A4F7556}") = "Ix.Compiler.CsTests", "ix.compiler\tests\Ix.Compiler.CsTests\Ix.Compiler.CsTests.csproj", "{9DE3572E-8325-4C9C-B43A-2A07B9048E5E}"
EndProject
Project("{9A19103F-16F7-4668-BE54-9A1E7A4F7556}") = "Ix.ixc.Tests", "ix.compiler\tests\Ix.ixc.Tests\Ix.ixc.Tests.csproj", "{DBD6562C-9B8A-4A2B-A695-02151E865B10}"
EndProject
Project("{2150E333-8FDC-42A3-9474-1A3956D46DE8}") = "ix.examples", "ix.examples", "{85D8A3CF-2708-4EF6-9060-F23A1F12616E}"
EndProject
Project("{2150E333-8FDC-42A3-9474-1A3956D46DE8}") = "hello.world.console", "hello.world.console", "{0A7A6B20-F839-418F-B8E2-440A271C6752}"
	ProjectSection(SolutionItems) = preProject
		ix.examples\hello.world.console\README.md = ix.examples\hello.world.console\README.md
	EndProjectSection
EndProject
Project("{9A19103F-16F7-4668-BE54-9A1E7A4F7556}") = "hello.world.console", "ix.examples\hello.world.console\hello.world.console\hello.world.console.csproj", "{2B1B61F5-ECDD-42E9-91F2-028870B1223C}"
EndProject
Project("{9A19103F-16F7-4668-BE54-9A1E7A4F7556}") = "hello.world.console.plc", "ix.examples\hello.world.console\hello.world.console.plc\ix\hello.world.console.plc.csproj", "{B4F68CEC-D601-4BEF-B259-49C6C6125270}"
EndProject
Project("{9A19103F-16F7-4668-BE54-9A1E7A4F7556}") = "Ix.ConnectorTests", "ix.connectors\tests\Ix.ConnectorTests\Ix.ConnectorTests\Ix.ConnectorTests.csproj", "{39D1E569-0E33-45BE-A81D-57B0814E25AB}"
EndProject
Project("{2150E333-8FDC-42A3-9474-1A3956D46DE8}") = "ix.templates", "ix.templates", "{09BE882E-BCC8-4CC9-8600-3AABD105A67C}"
EndProject
Project("{9A19103F-16F7-4668-BE54-9A1E7A4F7556}") = "ix.templates", "ix.templates\working\ix.templates.csproj", "{E08E5928-9DFA-4481-A416-931C2317DE0E}"
EndProject
Project("{2150E333-8FDC-42A3-9474-1A3956D46DE8}") = "templates", "templates", "{2F6923CB-24D7-49DF-BEBB-6F760C7C2E30}"
EndProject
Project("{2150E333-8FDC-42A3-9474-1A3956D46DE8}") = "working", "working", "{A53DC85B-CBBA-4C1D-B5C3-5BBB52A6AB85}"
EndProject
Project("{2150E333-8FDC-42A3-9474-1A3956D46DE8}") = "ix.tools", "ix.tools", "{E7ABD1F8-09DC-41FC-A2B8-6891A1D96AB5}"
EndProject
Project("{9A19103F-16F7-4668-BE54-9A1E7A4F7556}") = "ix.nuget.update", "ix.tools\src\ix.nuget.update\ix.nuget.update.csproj", "{E95EF982-A9D6-49F2-9F8D-DFBBDA61DAB8}"
EndProject
Project("{2150E333-8FDC-42A3-9474-1A3956D46DE8}") = "src", "src", "{FC332118-F8B8-48DC-A7EA-AC7559CD4A98}"
EndProject
Project("{2150E333-8FDC-42A3-9474-1A3956D46DE8}") = "tests", "tests", "{FE787422-9AB3-4065-A6D9-97511EC6141C}"
EndProject
Project("{9A19103F-16F7-4668-BE54-9A1E7A4F7556}") = "ix.nuget.update.Tests", "ix.tools\tests\ix.nuget.update.Tests\ix.nuget.update.Tests.csproj", "{FC6F36F4-EFA7-4137-98D2-DA7241B57EE2}"
EndProject
Project("{2150E333-8FDC-42A3-9474-1A3956D46DE8}") = "test", "test", "{0A091C10-F06C-4260-AEC6-4332E27C3E70}"
EndProject
Project("{9A19103F-16F7-4668-BE54-9A1E7A4F7556}") = "ixtwin", "ix.templates\working\templates\ixtwin\ixtwin.csproj", "{127F8A6F-F4A3-4414-AFDE-ACA50CF43DBD}"
EndProject
Project("{9A19103F-16F7-4668-BE54-9A1E7A4F7556}") = "ixconsole.app", "ix.templates\working\templates\ixconsole\ixconsole\ixconsole.app.csproj", "{2DE4039A-4061-475C-8683-8B34A314FC49}"
EndProject
Project("{9A19103F-16F7-4668-BE54-9A1E7A4F7556}") = "ixconsole", "ix.templates\working\templates\ixconsole\ixconsole.twin\ixconsole.csproj", "{FEDB0B93-5177-411D-BB54-07352BF9831B}"
EndProject
Project("{2150E333-8FDC-42A3-9474-1A3956D46DE8}") = "ixconsole-template", "ixconsole-template", "{CBED50A6-2ACC-4454-B597-CCD282578163}"
EndProject
Project("{2150E333-8FDC-42A3-9474-1A3956D46DE8}") = "ixtwin-template", "ixtwin-template", "{83922B1D-D32A-4A37-9302-054089FCF9CE}"
EndProject
Project("{9A19103F-16F7-4668-BE54-9A1E7A4F7556}") = "ax_test_project", "ix.connectors\tests\ax-test-project\ix\ax_test_project.csproj", "{BDCB4243-8B8F-44D6-B50D-6E72203731F7}"
EndProject
Project("{9A19103F-16F7-4668-BE54-9A1E7A4F7556}") = "Ix.Connector.S71500.WebAPI", "ix.connectors\src\Ix.Connector.S71500.WebAPI\Ix.Connector.S71500.WebAPI.csproj", "{D1537951-933C-458E-89A6-AC2F1C05ECCC}"
EndProject
Project("{2150E333-8FDC-42A3-9474-1A3956D46DE8}") = "ixblazor", "ixblazor", "{618AA558-E14A-4152-90D2-DF718974B9A1}"
EndProject
Project("{9A19103F-16F7-4668-BE54-9A1E7A4F7556}") = "ixblazor", "ix.templates\working\templates\ixblazor\ixblazor.twin\ixblazor.csproj", "{0B5A5A88-C5D1-428A-9FAA-D11A5210E0BF}"
EndProject
Project("{9A19103F-16F7-4668-BE54-9A1E7A4F7556}") = "ix-integration-library", "sanbox\integration\ix-integration-library\ix-integration-library.csproj", "{EB9F8B25-DA74-441F-9A0D-450B005DD418}"
EndProject
Project("{9A19103F-16F7-4668-BE54-9A1E7A4F7556}") = "ixblazor.hmi", "ix.templates\working\templates\ixblazor\ixblazor.app\ixblazor.hmi.csproj", "{1235FD19-AAC2-40A0-AE08-6D77A5E40B54}"
EndProject
Project("{2150E333-8FDC-42A3-9474-1A3956D46DE8}") = "ixblazor (2)", "ixblazor (2)", "{76982E07-8EDC-4D4C-9977-DF3EB581C4C7}"
EndProject
Global
	GlobalSection(SolutionConfigurationPlatforms) = preSolution
		Debug|Any CPU = Debug|Any CPU
		Debug|x64 = Debug|x64
		Debug|x86 = Debug|x86
		Release|Any CPU = Release|Any CPU
		Release|x64 = Release|x64
		Release|x86 = Release|x86
	EndGlobalSection
	GlobalSection(ProjectConfigurationPlatforms) = postSolution
		{D3C05DE9-A8A9-4082-81F2-C6D268156AF6}.Debug|Any CPU.ActiveCfg = Debug|Any CPU
		{D3C05DE9-A8A9-4082-81F2-C6D268156AF6}.Debug|Any CPU.Build.0 = Debug|Any CPU
		{D3C05DE9-A8A9-4082-81F2-C6D268156AF6}.Debug|x64.ActiveCfg = Debug|Any CPU
		{D3C05DE9-A8A9-4082-81F2-C6D268156AF6}.Debug|x64.Build.0 = Debug|Any CPU
		{D3C05DE9-A8A9-4082-81F2-C6D268156AF6}.Debug|x86.ActiveCfg = Debug|Any CPU
		{D3C05DE9-A8A9-4082-81F2-C6D268156AF6}.Debug|x86.Build.0 = Debug|Any CPU
		{D3C05DE9-A8A9-4082-81F2-C6D268156AF6}.Release|Any CPU.ActiveCfg = Release|Any CPU
		{D3C05DE9-A8A9-4082-81F2-C6D268156AF6}.Release|Any CPU.Build.0 = Release|Any CPU
		{D3C05DE9-A8A9-4082-81F2-C6D268156AF6}.Release|x64.ActiveCfg = Release|Any CPU
		{D3C05DE9-A8A9-4082-81F2-C6D268156AF6}.Release|x64.Build.0 = Release|Any CPU
		{D3C05DE9-A8A9-4082-81F2-C6D268156AF6}.Release|x86.ActiveCfg = Release|Any CPU
		{D3C05DE9-A8A9-4082-81F2-C6D268156AF6}.Release|x86.Build.0 = Release|Any CPU
		{A0305E4E-0FAE-4EC9-8566-0FC3BF4CF2C4}.Debug|Any CPU.ActiveCfg = Debug|Any CPU
		{A0305E4E-0FAE-4EC9-8566-0FC3BF4CF2C4}.Debug|Any CPU.Build.0 = Debug|Any CPU
		{A0305E4E-0FAE-4EC9-8566-0FC3BF4CF2C4}.Debug|x64.ActiveCfg = Debug|Any CPU
		{A0305E4E-0FAE-4EC9-8566-0FC3BF4CF2C4}.Debug|x86.ActiveCfg = Debug|Any CPU
		{A0305E4E-0FAE-4EC9-8566-0FC3BF4CF2C4}.Release|Any CPU.ActiveCfg = Release|Any CPU
		{A0305E4E-0FAE-4EC9-8566-0FC3BF4CF2C4}.Release|Any CPU.Build.0 = Release|Any CPU
		{A0305E4E-0FAE-4EC9-8566-0FC3BF4CF2C4}.Release|x64.ActiveCfg = Release|Any CPU
		{A0305E4E-0FAE-4EC9-8566-0FC3BF4CF2C4}.Release|x86.ActiveCfg = Release|Any CPU
		{1F148E18-2348-487E-9DAE-D8B147D29EB5}.Debug|Any CPU.ActiveCfg = Debug|Any CPU
		{1F148E18-2348-487E-9DAE-D8B147D29EB5}.Debug|Any CPU.Build.0 = Debug|Any CPU
		{1F148E18-2348-487E-9DAE-D8B147D29EB5}.Debug|x64.ActiveCfg = Debug|Any CPU
		{1F148E18-2348-487E-9DAE-D8B147D29EB5}.Debug|x86.ActiveCfg = Debug|Any CPU
		{1F148E18-2348-487E-9DAE-D8B147D29EB5}.Release|Any CPU.ActiveCfg = Release|Any CPU
		{1F148E18-2348-487E-9DAE-D8B147D29EB5}.Release|Any CPU.Build.0 = Release|Any CPU
		{1F148E18-2348-487E-9DAE-D8B147D29EB5}.Release|x64.ActiveCfg = Release|Any CPU
		{1F148E18-2348-487E-9DAE-D8B147D29EB5}.Release|x86.ActiveCfg = Release|Any CPU
		{400B9776-45B3-4EAB-855F-61FAF4350123}.Debug|Any CPU.ActiveCfg = Debug|Any CPU
		{400B9776-45B3-4EAB-855F-61FAF4350123}.Debug|Any CPU.Build.0 = Debug|Any CPU
		{400B9776-45B3-4EAB-855F-61FAF4350123}.Debug|x64.ActiveCfg = Debug|Any CPU
		{400B9776-45B3-4EAB-855F-61FAF4350123}.Debug|x86.ActiveCfg = Debug|Any CPU
		{400B9776-45B3-4EAB-855F-61FAF4350123}.Release|Any CPU.ActiveCfg = Release|Any CPU
		{400B9776-45B3-4EAB-855F-61FAF4350123}.Release|Any CPU.Build.0 = Release|Any CPU
		{400B9776-45B3-4EAB-855F-61FAF4350123}.Release|x64.ActiveCfg = Release|Any CPU
		{400B9776-45B3-4EAB-855F-61FAF4350123}.Release|x86.ActiveCfg = Release|Any CPU
		{E0C38A2E-C894-4ED6-815B-6EBD0C53B336}.Debug|Any CPU.ActiveCfg = Debug|Any CPU
		{E0C38A2E-C894-4ED6-815B-6EBD0C53B336}.Debug|Any CPU.Build.0 = Debug|Any CPU
		{E0C38A2E-C894-4ED6-815B-6EBD0C53B336}.Debug|x64.ActiveCfg = Debug|Any CPU
		{E0C38A2E-C894-4ED6-815B-6EBD0C53B336}.Debug|x86.ActiveCfg = Debug|Any CPU
		{E0C38A2E-C894-4ED6-815B-6EBD0C53B336}.Release|Any CPU.ActiveCfg = Release|Any CPU
		{E0C38A2E-C894-4ED6-815B-6EBD0C53B336}.Release|Any CPU.Build.0 = Release|Any CPU
		{E0C38A2E-C894-4ED6-815B-6EBD0C53B336}.Release|x64.ActiveCfg = Release|Any CPU
		{E0C38A2E-C894-4ED6-815B-6EBD0C53B336}.Release|x86.ActiveCfg = Release|Any CPU
		{5FE208FF-0666-47BF-94AD-AA6B1A624741}.Debug|Any CPU.ActiveCfg = Debug|Any CPU
		{5FE208FF-0666-47BF-94AD-AA6B1A624741}.Debug|Any CPU.Build.0 = Debug|Any CPU
		{5FE208FF-0666-47BF-94AD-AA6B1A624741}.Debug|x64.ActiveCfg = Debug|Any CPU
		{5FE208FF-0666-47BF-94AD-AA6B1A624741}.Debug|x86.ActiveCfg = Debug|Any CPU
		{5FE208FF-0666-47BF-94AD-AA6B1A624741}.Release|Any CPU.ActiveCfg = Release|Any CPU
		{5FE208FF-0666-47BF-94AD-AA6B1A624741}.Release|Any CPU.Build.0 = Release|Any CPU
		{5FE208FF-0666-47BF-94AD-AA6B1A624741}.Release|x64.ActiveCfg = Release|Any CPU
		{5FE208FF-0666-47BF-94AD-AA6B1A624741}.Release|x86.ActiveCfg = Release|Any CPU
		{FA5408DB-AF7B-4564-94A4-CF01EE3584B4}.Debug|Any CPU.ActiveCfg = Debug|Any CPU
		{FA5408DB-AF7B-4564-94A4-CF01EE3584B4}.Debug|Any CPU.Build.0 = Debug|Any CPU
		{FA5408DB-AF7B-4564-94A4-CF01EE3584B4}.Debug|x64.ActiveCfg = Debug|Any CPU
		{FA5408DB-AF7B-4564-94A4-CF01EE3584B4}.Debug|x86.ActiveCfg = Debug|Any CPU
		{FA5408DB-AF7B-4564-94A4-CF01EE3584B4}.Release|Any CPU.ActiveCfg = Release|Any CPU
		{FA5408DB-AF7B-4564-94A4-CF01EE3584B4}.Release|Any CPU.Build.0 = Release|Any CPU
		{FA5408DB-AF7B-4564-94A4-CF01EE3584B4}.Release|x64.ActiveCfg = Release|Any CPU
		{FA5408DB-AF7B-4564-94A4-CF01EE3584B4}.Release|x86.ActiveCfg = Release|Any CPU
		{D339402A-F6FA-4814-869B-11394C5614D4}.Debug|Any CPU.ActiveCfg = Debug|Any CPU
		{D339402A-F6FA-4814-869B-11394C5614D4}.Debug|Any CPU.Build.0 = Debug|Any CPU
		{D339402A-F6FA-4814-869B-11394C5614D4}.Debug|x64.ActiveCfg = Debug|Any CPU
		{D339402A-F6FA-4814-869B-11394C5614D4}.Debug|x86.ActiveCfg = Debug|Any CPU
		{D339402A-F6FA-4814-869B-11394C5614D4}.Release|Any CPU.ActiveCfg = Release|Any CPU
		{D339402A-F6FA-4814-869B-11394C5614D4}.Release|Any CPU.Build.0 = Release|Any CPU
		{D339402A-F6FA-4814-869B-11394C5614D4}.Release|x64.ActiveCfg = Release|Any CPU
		{D339402A-F6FA-4814-869B-11394C5614D4}.Release|x86.ActiveCfg = Release|Any CPU
		{07EAF5E1-F423-4D64-B1F2-B174A81E157B}.Debug|Any CPU.ActiveCfg = Debug|Any CPU
		{07EAF5E1-F423-4D64-B1F2-B174A81E157B}.Debug|Any CPU.Build.0 = Debug|Any CPU
		{07EAF5E1-F423-4D64-B1F2-B174A81E157B}.Debug|x64.ActiveCfg = Debug|Any CPU
		{07EAF5E1-F423-4D64-B1F2-B174A81E157B}.Debug|x64.Build.0 = Debug|Any CPU
		{07EAF5E1-F423-4D64-B1F2-B174A81E157B}.Debug|x86.ActiveCfg = Debug|Any CPU
		{07EAF5E1-F423-4D64-B1F2-B174A81E157B}.Debug|x86.Build.0 = Debug|Any CPU
		{07EAF5E1-F423-4D64-B1F2-B174A81E157B}.Release|Any CPU.ActiveCfg = Release|Any CPU
		{07EAF5E1-F423-4D64-B1F2-B174A81E157B}.Release|Any CPU.Build.0 = Release|Any CPU
		{07EAF5E1-F423-4D64-B1F2-B174A81E157B}.Release|x64.ActiveCfg = Release|Any CPU
		{07EAF5E1-F423-4D64-B1F2-B174A81E157B}.Release|x64.Build.0 = Release|Any CPU
		{07EAF5E1-F423-4D64-B1F2-B174A81E157B}.Release|x86.ActiveCfg = Release|Any CPU
		{07EAF5E1-F423-4D64-B1F2-B174A81E157B}.Release|x86.Build.0 = Release|Any CPU
		{DD9F947B-1086-46A3-B02C-B1DC8E6AAD4F}.Debug|Any CPU.ActiveCfg = Debug|Any CPU
		{DD9F947B-1086-46A3-B02C-B1DC8E6AAD4F}.Debug|Any CPU.Build.0 = Debug|Any CPU
		{DD9F947B-1086-46A3-B02C-B1DC8E6AAD4F}.Debug|x64.ActiveCfg = Debug|Any CPU
		{DD9F947B-1086-46A3-B02C-B1DC8E6AAD4F}.Debug|x64.Build.0 = Debug|Any CPU
		{DD9F947B-1086-46A3-B02C-B1DC8E6AAD4F}.Debug|x86.ActiveCfg = Debug|Any CPU
		{DD9F947B-1086-46A3-B02C-B1DC8E6AAD4F}.Debug|x86.Build.0 = Debug|Any CPU
		{DD9F947B-1086-46A3-B02C-B1DC8E6AAD4F}.Release|Any CPU.ActiveCfg = Release|Any CPU
		{DD9F947B-1086-46A3-B02C-B1DC8E6AAD4F}.Release|Any CPU.Build.0 = Release|Any CPU
		{DD9F947B-1086-46A3-B02C-B1DC8E6AAD4F}.Release|x64.ActiveCfg = Release|Any CPU
		{DD9F947B-1086-46A3-B02C-B1DC8E6AAD4F}.Release|x64.Build.0 = Release|Any CPU
		{DD9F947B-1086-46A3-B02C-B1DC8E6AAD4F}.Release|x86.ActiveCfg = Release|Any CPU
		{DD9F947B-1086-46A3-B02C-B1DC8E6AAD4F}.Release|x86.Build.0 = Release|Any CPU
		{11161782-4DEB-4A90-BEAF-BF169CCFFB53}.Debug|Any CPU.ActiveCfg = Debug|Any CPU
		{11161782-4DEB-4A90-BEAF-BF169CCFFB53}.Debug|Any CPU.Build.0 = Debug|Any CPU
		{11161782-4DEB-4A90-BEAF-BF169CCFFB53}.Debug|x64.ActiveCfg = Debug|Any CPU
		{11161782-4DEB-4A90-BEAF-BF169CCFFB53}.Debug|x64.Build.0 = Debug|Any CPU
		{11161782-4DEB-4A90-BEAF-BF169CCFFB53}.Debug|x86.ActiveCfg = Debug|Any CPU
		{11161782-4DEB-4A90-BEAF-BF169CCFFB53}.Debug|x86.Build.0 = Debug|Any CPU
		{11161782-4DEB-4A90-BEAF-BF169CCFFB53}.Release|Any CPU.ActiveCfg = Release|Any CPU
		{11161782-4DEB-4A90-BEAF-BF169CCFFB53}.Release|Any CPU.Build.0 = Release|Any CPU
		{11161782-4DEB-4A90-BEAF-BF169CCFFB53}.Release|x64.ActiveCfg = Release|Any CPU
		{11161782-4DEB-4A90-BEAF-BF169CCFFB53}.Release|x64.Build.0 = Release|Any CPU
		{11161782-4DEB-4A90-BEAF-BF169CCFFB53}.Release|x86.ActiveCfg = Release|Any CPU
		{11161782-4DEB-4A90-BEAF-BF169CCFFB53}.Release|x86.Build.0 = Release|Any CPU
		{8E1D0932-A9DF-45AF-8ABC-A8C3F493D7E0}.Debug|Any CPU.ActiveCfg = Debug|Any CPU
		{8E1D0932-A9DF-45AF-8ABC-A8C3F493D7E0}.Debug|Any CPU.Build.0 = Debug|Any CPU
		{8E1D0932-A9DF-45AF-8ABC-A8C3F493D7E0}.Debug|x64.ActiveCfg = Debug|Any CPU
		{8E1D0932-A9DF-45AF-8ABC-A8C3F493D7E0}.Debug|x64.Build.0 = Debug|Any CPU
		{8E1D0932-A9DF-45AF-8ABC-A8C3F493D7E0}.Debug|x86.ActiveCfg = Debug|Any CPU
		{8E1D0932-A9DF-45AF-8ABC-A8C3F493D7E0}.Debug|x86.Build.0 = Debug|Any CPU
		{8E1D0932-A9DF-45AF-8ABC-A8C3F493D7E0}.Release|Any CPU.ActiveCfg = Release|Any CPU
		{8E1D0932-A9DF-45AF-8ABC-A8C3F493D7E0}.Release|Any CPU.Build.0 = Release|Any CPU
		{8E1D0932-A9DF-45AF-8ABC-A8C3F493D7E0}.Release|x64.ActiveCfg = Release|Any CPU
		{8E1D0932-A9DF-45AF-8ABC-A8C3F493D7E0}.Release|x64.Build.0 = Release|Any CPU
		{8E1D0932-A9DF-45AF-8ABC-A8C3F493D7E0}.Release|x86.ActiveCfg = Release|Any CPU
		{8E1D0932-A9DF-45AF-8ABC-A8C3F493D7E0}.Release|x86.Build.0 = Release|Any CPU
		{B4FB4DA0-0EBC-4750-8AB4-2492F52A8B7D}.Debug|Any CPU.ActiveCfg = Debug|Any CPU
		{B4FB4DA0-0EBC-4750-8AB4-2492F52A8B7D}.Debug|Any CPU.Build.0 = Debug|Any CPU
		{B4FB4DA0-0EBC-4750-8AB4-2492F52A8B7D}.Debug|x64.ActiveCfg = Debug|Any CPU
		{B4FB4DA0-0EBC-4750-8AB4-2492F52A8B7D}.Debug|x64.Build.0 = Debug|Any CPU
		{B4FB4DA0-0EBC-4750-8AB4-2492F52A8B7D}.Debug|x86.ActiveCfg = Debug|Any CPU
		{B4FB4DA0-0EBC-4750-8AB4-2492F52A8B7D}.Debug|x86.Build.0 = Debug|Any CPU
		{B4FB4DA0-0EBC-4750-8AB4-2492F52A8B7D}.Release|Any CPU.ActiveCfg = Release|Any CPU
		{B4FB4DA0-0EBC-4750-8AB4-2492F52A8B7D}.Release|Any CPU.Build.0 = Release|Any CPU
		{B4FB4DA0-0EBC-4750-8AB4-2492F52A8B7D}.Release|x64.ActiveCfg = Release|Any CPU
		{B4FB4DA0-0EBC-4750-8AB4-2492F52A8B7D}.Release|x64.Build.0 = Release|Any CPU
		{B4FB4DA0-0EBC-4750-8AB4-2492F52A8B7D}.Release|x86.ActiveCfg = Release|Any CPU
		{B4FB4DA0-0EBC-4750-8AB4-2492F52A8B7D}.Release|x86.Build.0 = Release|Any CPU
		{2C21FF98-E045-4FB0-B1F8-B36730DAD203}.Debug|Any CPU.ActiveCfg = Debug|Any CPU
		{2C21FF98-E045-4FB0-B1F8-B36730DAD203}.Debug|Any CPU.Build.0 = Debug|Any CPU
		{2C21FF98-E045-4FB0-B1F8-B36730DAD203}.Debug|x64.ActiveCfg = Debug|Any CPU
		{2C21FF98-E045-4FB0-B1F8-B36730DAD203}.Debug|x64.Build.0 = Debug|Any CPU
		{2C21FF98-E045-4FB0-B1F8-B36730DAD203}.Debug|x86.ActiveCfg = Debug|Any CPU
		{2C21FF98-E045-4FB0-B1F8-B36730DAD203}.Debug|x86.Build.0 = Debug|Any CPU
		{2C21FF98-E045-4FB0-B1F8-B36730DAD203}.Release|Any CPU.ActiveCfg = Release|Any CPU
		{2C21FF98-E045-4FB0-B1F8-B36730DAD203}.Release|Any CPU.Build.0 = Release|Any CPU
		{2C21FF98-E045-4FB0-B1F8-B36730DAD203}.Release|x64.ActiveCfg = Release|Any CPU
		{2C21FF98-E045-4FB0-B1F8-B36730DAD203}.Release|x64.Build.0 = Release|Any CPU
		{2C21FF98-E045-4FB0-B1F8-B36730DAD203}.Release|x86.ActiveCfg = Release|Any CPU
		{2C21FF98-E045-4FB0-B1F8-B36730DAD203}.Release|x86.Build.0 = Release|Any CPU
		{D5AEBDB0-42D4-4242-A6DB-E5B65484C814}.Debug|Any CPU.ActiveCfg = Debug|Any CPU
		{D5AEBDB0-42D4-4242-A6DB-E5B65484C814}.Debug|Any CPU.Build.0 = Debug|Any CPU
		{D5AEBDB0-42D4-4242-A6DB-E5B65484C814}.Debug|x64.ActiveCfg = Debug|Any CPU
		{D5AEBDB0-42D4-4242-A6DB-E5B65484C814}.Debug|x64.Build.0 = Debug|Any CPU
		{D5AEBDB0-42D4-4242-A6DB-E5B65484C814}.Debug|x86.ActiveCfg = Debug|Any CPU
		{D5AEBDB0-42D4-4242-A6DB-E5B65484C814}.Debug|x86.Build.0 = Debug|Any CPU
		{D5AEBDB0-42D4-4242-A6DB-E5B65484C814}.Release|Any CPU.ActiveCfg = Release|Any CPU
		{D5AEBDB0-42D4-4242-A6DB-E5B65484C814}.Release|Any CPU.Build.0 = Release|Any CPU
		{D5AEBDB0-42D4-4242-A6DB-E5B65484C814}.Release|x64.ActiveCfg = Release|Any CPU
		{D5AEBDB0-42D4-4242-A6DB-E5B65484C814}.Release|x64.Build.0 = Release|Any CPU
		{D5AEBDB0-42D4-4242-A6DB-E5B65484C814}.Release|x86.ActiveCfg = Release|Any CPU
		{D5AEBDB0-42D4-4242-A6DB-E5B65484C814}.Release|x86.Build.0 = Release|Any CPU
		{3489A372-4DD5-4A9F-A95B-43FF854CBF88}.Debug|Any CPU.ActiveCfg = Debug|Any CPU
		{3489A372-4DD5-4A9F-A95B-43FF854CBF88}.Debug|Any CPU.Build.0 = Debug|Any CPU
		{3489A372-4DD5-4A9F-A95B-43FF854CBF88}.Debug|x64.ActiveCfg = Debug|Any CPU
		{3489A372-4DD5-4A9F-A95B-43FF854CBF88}.Debug|x64.Build.0 = Debug|Any CPU
		{3489A372-4DD5-4A9F-A95B-43FF854CBF88}.Debug|x86.ActiveCfg = Debug|Any CPU
		{3489A372-4DD5-4A9F-A95B-43FF854CBF88}.Debug|x86.Build.0 = Debug|Any CPU
		{3489A372-4DD5-4A9F-A95B-43FF854CBF88}.Release|Any CPU.ActiveCfg = Release|Any CPU
		{3489A372-4DD5-4A9F-A95B-43FF854CBF88}.Release|Any CPU.Build.0 = Release|Any CPU
		{3489A372-4DD5-4A9F-A95B-43FF854CBF88}.Release|x64.ActiveCfg = Release|Any CPU
		{3489A372-4DD5-4A9F-A95B-43FF854CBF88}.Release|x64.Build.0 = Release|Any CPU
		{3489A372-4DD5-4A9F-A95B-43FF854CBF88}.Release|x86.ActiveCfg = Release|Any CPU
		{3489A372-4DD5-4A9F-A95B-43FF854CBF88}.Release|x86.Build.0 = Release|Any CPU
		{3E367FAB-417A-4544-9750-80B385DD1FB0}.Debug|Any CPU.ActiveCfg = Debug|Any CPU
		{3E367FAB-417A-4544-9750-80B385DD1FB0}.Debug|Any CPU.Build.0 = Debug|Any CPU
		{3E367FAB-417A-4544-9750-80B385DD1FB0}.Debug|x64.ActiveCfg = Debug|Any CPU
		{3E367FAB-417A-4544-9750-80B385DD1FB0}.Debug|x64.Build.0 = Debug|Any CPU
		{3E367FAB-417A-4544-9750-80B385DD1FB0}.Debug|x86.ActiveCfg = Debug|Any CPU
		{3E367FAB-417A-4544-9750-80B385DD1FB0}.Debug|x86.Build.0 = Debug|Any CPU
		{3E367FAB-417A-4544-9750-80B385DD1FB0}.Release|Any CPU.ActiveCfg = Release|Any CPU
		{3E367FAB-417A-4544-9750-80B385DD1FB0}.Release|Any CPU.Build.0 = Release|Any CPU
		{3E367FAB-417A-4544-9750-80B385DD1FB0}.Release|x64.ActiveCfg = Release|Any CPU
		{3E367FAB-417A-4544-9750-80B385DD1FB0}.Release|x64.Build.0 = Release|Any CPU
		{3E367FAB-417A-4544-9750-80B385DD1FB0}.Release|x86.ActiveCfg = Release|Any CPU
		{3E367FAB-417A-4544-9750-80B385DD1FB0}.Release|x86.Build.0 = Release|Any CPU
		{8533DF4C-9921-48EB-99C8-B0CE0FC1926D}.Debug|Any CPU.ActiveCfg = Debug|Any CPU
		{8533DF4C-9921-48EB-99C8-B0CE0FC1926D}.Debug|Any CPU.Build.0 = Debug|Any CPU
		{8533DF4C-9921-48EB-99C8-B0CE0FC1926D}.Debug|x64.ActiveCfg = Debug|Any CPU
		{8533DF4C-9921-48EB-99C8-B0CE0FC1926D}.Debug|x64.Build.0 = Debug|Any CPU
		{8533DF4C-9921-48EB-99C8-B0CE0FC1926D}.Debug|x86.ActiveCfg = Debug|Any CPU
		{8533DF4C-9921-48EB-99C8-B0CE0FC1926D}.Debug|x86.Build.0 = Debug|Any CPU
		{8533DF4C-9921-48EB-99C8-B0CE0FC1926D}.Release|Any CPU.ActiveCfg = Release|Any CPU
		{8533DF4C-9921-48EB-99C8-B0CE0FC1926D}.Release|Any CPU.Build.0 = Release|Any CPU
		{8533DF4C-9921-48EB-99C8-B0CE0FC1926D}.Release|x64.ActiveCfg = Release|Any CPU
		{8533DF4C-9921-48EB-99C8-B0CE0FC1926D}.Release|x64.Build.0 = Release|Any CPU
		{8533DF4C-9921-48EB-99C8-B0CE0FC1926D}.Release|x86.ActiveCfg = Release|Any CPU
		{8533DF4C-9921-48EB-99C8-B0CE0FC1926D}.Release|x86.Build.0 = Release|Any CPU
		{9306192F-8C38-41D9-BBCD-D99C92CA7B79}.Debug|Any CPU.ActiveCfg = Debug|Any CPU
		{9306192F-8C38-41D9-BBCD-D99C92CA7B79}.Debug|Any CPU.Build.0 = Debug|Any CPU
		{9306192F-8C38-41D9-BBCD-D99C92CA7B79}.Debug|x64.ActiveCfg = Debug|Any CPU
		{9306192F-8C38-41D9-BBCD-D99C92CA7B79}.Debug|x64.Build.0 = Debug|Any CPU
		{9306192F-8C38-41D9-BBCD-D99C92CA7B79}.Debug|x86.ActiveCfg = Debug|Any CPU
		{9306192F-8C38-41D9-BBCD-D99C92CA7B79}.Debug|x86.Build.0 = Debug|Any CPU
		{9306192F-8C38-41D9-BBCD-D99C92CA7B79}.Release|Any CPU.ActiveCfg = Release|Any CPU
		{9306192F-8C38-41D9-BBCD-D99C92CA7B79}.Release|Any CPU.Build.0 = Release|Any CPU
		{9306192F-8C38-41D9-BBCD-D99C92CA7B79}.Release|x64.ActiveCfg = Release|Any CPU
		{9306192F-8C38-41D9-BBCD-D99C92CA7B79}.Release|x64.Build.0 = Release|Any CPU
		{9306192F-8C38-41D9-BBCD-D99C92CA7B79}.Release|x86.ActiveCfg = Release|Any CPU
		{9306192F-8C38-41D9-BBCD-D99C92CA7B79}.Release|x86.Build.0 = Release|Any CPU
		{9DE3572E-8325-4C9C-B43A-2A07B9048E5E}.Debug|Any CPU.ActiveCfg = Debug|Any CPU
		{9DE3572E-8325-4C9C-B43A-2A07B9048E5E}.Debug|Any CPU.Build.0 = Debug|Any CPU
		{9DE3572E-8325-4C9C-B43A-2A07B9048E5E}.Debug|x64.ActiveCfg = Debug|Any CPU
		{9DE3572E-8325-4C9C-B43A-2A07B9048E5E}.Debug|x64.Build.0 = Debug|Any CPU
		{9DE3572E-8325-4C9C-B43A-2A07B9048E5E}.Debug|x86.ActiveCfg = Debug|Any CPU
		{9DE3572E-8325-4C9C-B43A-2A07B9048E5E}.Debug|x86.Build.0 = Debug|Any CPU
		{9DE3572E-8325-4C9C-B43A-2A07B9048E5E}.Release|Any CPU.ActiveCfg = Release|Any CPU
		{9DE3572E-8325-4C9C-B43A-2A07B9048E5E}.Release|Any CPU.Build.0 = Release|Any CPU
		{9DE3572E-8325-4C9C-B43A-2A07B9048E5E}.Release|x64.ActiveCfg = Release|Any CPU
		{9DE3572E-8325-4C9C-B43A-2A07B9048E5E}.Release|x64.Build.0 = Release|Any CPU
		{9DE3572E-8325-4C9C-B43A-2A07B9048E5E}.Release|x86.ActiveCfg = Release|Any CPU
		{9DE3572E-8325-4C9C-B43A-2A07B9048E5E}.Release|x86.Build.0 = Release|Any CPU
		{DBD6562C-9B8A-4A2B-A695-02151E865B10}.Debug|Any CPU.ActiveCfg = Debug|Any CPU
		{DBD6562C-9B8A-4A2B-A695-02151E865B10}.Debug|Any CPU.Build.0 = Debug|Any CPU
		{DBD6562C-9B8A-4A2B-A695-02151E865B10}.Debug|x64.ActiveCfg = Debug|Any CPU
		{DBD6562C-9B8A-4A2B-A695-02151E865B10}.Debug|x64.Build.0 = Debug|Any CPU
		{DBD6562C-9B8A-4A2B-A695-02151E865B10}.Debug|x86.ActiveCfg = Debug|Any CPU
		{DBD6562C-9B8A-4A2B-A695-02151E865B10}.Debug|x86.Build.0 = Debug|Any CPU
		{DBD6562C-9B8A-4A2B-A695-02151E865B10}.Release|Any CPU.ActiveCfg = Release|Any CPU
		{DBD6562C-9B8A-4A2B-A695-02151E865B10}.Release|Any CPU.Build.0 = Release|Any CPU
		{DBD6562C-9B8A-4A2B-A695-02151E865B10}.Release|x64.ActiveCfg = Release|Any CPU
		{DBD6562C-9B8A-4A2B-A695-02151E865B10}.Release|x64.Build.0 = Release|Any CPU
		{DBD6562C-9B8A-4A2B-A695-02151E865B10}.Release|x86.ActiveCfg = Release|Any CPU
		{DBD6562C-9B8A-4A2B-A695-02151E865B10}.Release|x86.Build.0 = Release|Any CPU
		{2B1B61F5-ECDD-42E9-91F2-028870B1223C}.Debug|Any CPU.ActiveCfg = Debug|Any CPU
		{2B1B61F5-ECDD-42E9-91F2-028870B1223C}.Debug|Any CPU.Build.0 = Debug|Any CPU
		{2B1B61F5-ECDD-42E9-91F2-028870B1223C}.Debug|x64.ActiveCfg = Debug|Any CPU
		{2B1B61F5-ECDD-42E9-91F2-028870B1223C}.Debug|x64.Build.0 = Debug|Any CPU
		{2B1B61F5-ECDD-42E9-91F2-028870B1223C}.Debug|x86.ActiveCfg = Debug|Any CPU
		{2B1B61F5-ECDD-42E9-91F2-028870B1223C}.Debug|x86.Build.0 = Debug|Any CPU
		{2B1B61F5-ECDD-42E9-91F2-028870B1223C}.Release|Any CPU.ActiveCfg = Release|Any CPU
		{2B1B61F5-ECDD-42E9-91F2-028870B1223C}.Release|Any CPU.Build.0 = Release|Any CPU
		{2B1B61F5-ECDD-42E9-91F2-028870B1223C}.Release|x64.ActiveCfg = Release|Any CPU
		{2B1B61F5-ECDD-42E9-91F2-028870B1223C}.Release|x64.Build.0 = Release|Any CPU
		{2B1B61F5-ECDD-42E9-91F2-028870B1223C}.Release|x86.ActiveCfg = Release|Any CPU
		{2B1B61F5-ECDD-42E9-91F2-028870B1223C}.Release|x86.Build.0 = Release|Any CPU
		{B4F68CEC-D601-4BEF-B259-49C6C6125270}.Debug|Any CPU.ActiveCfg = Debug|Any CPU
		{B4F68CEC-D601-4BEF-B259-49C6C6125270}.Debug|Any CPU.Build.0 = Debug|Any CPU
		{B4F68CEC-D601-4BEF-B259-49C6C6125270}.Debug|x64.ActiveCfg = Debug|Any CPU
		{B4F68CEC-D601-4BEF-B259-49C6C6125270}.Debug|x64.Build.0 = Debug|Any CPU
		{B4F68CEC-D601-4BEF-B259-49C6C6125270}.Debug|x86.ActiveCfg = Debug|Any CPU
		{B4F68CEC-D601-4BEF-B259-49C6C6125270}.Debug|x86.Build.0 = Debug|Any CPU
		{B4F68CEC-D601-4BEF-B259-49C6C6125270}.Release|Any CPU.ActiveCfg = Release|Any CPU
		{B4F68CEC-D601-4BEF-B259-49C6C6125270}.Release|Any CPU.Build.0 = Release|Any CPU
		{B4F68CEC-D601-4BEF-B259-49C6C6125270}.Release|x64.ActiveCfg = Release|Any CPU
		{B4F68CEC-D601-4BEF-B259-49C6C6125270}.Release|x64.Build.0 = Release|Any CPU
		{B4F68CEC-D601-4BEF-B259-49C6C6125270}.Release|x86.ActiveCfg = Release|Any CPU
		{B4F68CEC-D601-4BEF-B259-49C6C6125270}.Release|x86.Build.0 = Release|Any CPU
		{39D1E569-0E33-45BE-A81D-57B0814E25AB}.Debug|Any CPU.ActiveCfg = Debug|Any CPU
		{39D1E569-0E33-45BE-A81D-57B0814E25AB}.Debug|Any CPU.Build.0 = Debug|Any CPU
		{39D1E569-0E33-45BE-A81D-57B0814E25AB}.Debug|x64.ActiveCfg = Debug|Any CPU
		{39D1E569-0E33-45BE-A81D-57B0814E25AB}.Debug|x64.Build.0 = Debug|Any CPU
		{39D1E569-0E33-45BE-A81D-57B0814E25AB}.Debug|x86.ActiveCfg = Debug|Any CPU
		{39D1E569-0E33-45BE-A81D-57B0814E25AB}.Debug|x86.Build.0 = Debug|Any CPU
		{39D1E569-0E33-45BE-A81D-57B0814E25AB}.Release|Any CPU.ActiveCfg = Release|Any CPU
		{39D1E569-0E33-45BE-A81D-57B0814E25AB}.Release|Any CPU.Build.0 = Release|Any CPU
		{39D1E569-0E33-45BE-A81D-57B0814E25AB}.Release|x64.ActiveCfg = Release|Any CPU
		{39D1E569-0E33-45BE-A81D-57B0814E25AB}.Release|x64.Build.0 = Release|Any CPU
		{39D1E569-0E33-45BE-A81D-57B0814E25AB}.Release|x86.ActiveCfg = Release|Any CPU
		{39D1E569-0E33-45BE-A81D-57B0814E25AB}.Release|x86.Build.0 = Release|Any CPU
		{E08E5928-9DFA-4481-A416-931C2317DE0E}.Debug|Any CPU.ActiveCfg = Debug|Any CPU
		{E08E5928-9DFA-4481-A416-931C2317DE0E}.Debug|Any CPU.Build.0 = Debug|Any CPU
		{E08E5928-9DFA-4481-A416-931C2317DE0E}.Debug|x64.ActiveCfg = Debug|Any CPU
		{E08E5928-9DFA-4481-A416-931C2317DE0E}.Debug|x64.Build.0 = Debug|Any CPU
		{E08E5928-9DFA-4481-A416-931C2317DE0E}.Debug|x86.ActiveCfg = Debug|Any CPU
		{E08E5928-9DFA-4481-A416-931C2317DE0E}.Debug|x86.Build.0 = Debug|Any CPU
		{E08E5928-9DFA-4481-A416-931C2317DE0E}.Release|Any CPU.ActiveCfg = Release|Any CPU
		{E08E5928-9DFA-4481-A416-931C2317DE0E}.Release|Any CPU.Build.0 = Release|Any CPU
		{E08E5928-9DFA-4481-A416-931C2317DE0E}.Release|x64.ActiveCfg = Release|Any CPU
		{E08E5928-9DFA-4481-A416-931C2317DE0E}.Release|x64.Build.0 = Release|Any CPU
		{E08E5928-9DFA-4481-A416-931C2317DE0E}.Release|x86.ActiveCfg = Release|Any CPU
		{E08E5928-9DFA-4481-A416-931C2317DE0E}.Release|x86.Build.0 = Release|Any CPU
		{E95EF982-A9D6-49F2-9F8D-DFBBDA61DAB8}.Debug|Any CPU.ActiveCfg = Debug|Any CPU
		{E95EF982-A9D6-49F2-9F8D-DFBBDA61DAB8}.Debug|Any CPU.Build.0 = Debug|Any CPU
		{E95EF982-A9D6-49F2-9F8D-DFBBDA61DAB8}.Debug|x64.ActiveCfg = Debug|Any CPU
		{E95EF982-A9D6-49F2-9F8D-DFBBDA61DAB8}.Debug|x64.Build.0 = Debug|Any CPU
		{E95EF982-A9D6-49F2-9F8D-DFBBDA61DAB8}.Debug|x86.ActiveCfg = Debug|Any CPU
		{E95EF982-A9D6-49F2-9F8D-DFBBDA61DAB8}.Debug|x86.Build.0 = Debug|Any CPU
		{E95EF982-A9D6-49F2-9F8D-DFBBDA61DAB8}.Release|Any CPU.ActiveCfg = Release|Any CPU
		{E95EF982-A9D6-49F2-9F8D-DFBBDA61DAB8}.Release|Any CPU.Build.0 = Release|Any CPU
		{E95EF982-A9D6-49F2-9F8D-DFBBDA61DAB8}.Release|x64.ActiveCfg = Release|Any CPU
		{E95EF982-A9D6-49F2-9F8D-DFBBDA61DAB8}.Release|x64.Build.0 = Release|Any CPU
		{E95EF982-A9D6-49F2-9F8D-DFBBDA61DAB8}.Release|x86.ActiveCfg = Release|Any CPU
		{E95EF982-A9D6-49F2-9F8D-DFBBDA61DAB8}.Release|x86.Build.0 = Release|Any CPU
		{FC6F36F4-EFA7-4137-98D2-DA7241B57EE2}.Debug|Any CPU.ActiveCfg = Debug|Any CPU
		{FC6F36F4-EFA7-4137-98D2-DA7241B57EE2}.Debug|Any CPU.Build.0 = Debug|Any CPU
		{FC6F36F4-EFA7-4137-98D2-DA7241B57EE2}.Debug|x64.ActiveCfg = Debug|Any CPU
		{FC6F36F4-EFA7-4137-98D2-DA7241B57EE2}.Debug|x64.Build.0 = Debug|Any CPU
		{FC6F36F4-EFA7-4137-98D2-DA7241B57EE2}.Debug|x86.ActiveCfg = Debug|Any CPU
		{FC6F36F4-EFA7-4137-98D2-DA7241B57EE2}.Debug|x86.Build.0 = Debug|Any CPU
		{FC6F36F4-EFA7-4137-98D2-DA7241B57EE2}.Release|Any CPU.ActiveCfg = Release|Any CPU
		{FC6F36F4-EFA7-4137-98D2-DA7241B57EE2}.Release|Any CPU.Build.0 = Release|Any CPU
		{FC6F36F4-EFA7-4137-98D2-DA7241B57EE2}.Release|x64.ActiveCfg = Release|Any CPU
		{FC6F36F4-EFA7-4137-98D2-DA7241B57EE2}.Release|x64.Build.0 = Release|Any CPU
		{FC6F36F4-EFA7-4137-98D2-DA7241B57EE2}.Release|x86.ActiveCfg = Release|Any CPU
		{FC6F36F4-EFA7-4137-98D2-DA7241B57EE2}.Release|x86.Build.0 = Release|Any CPU
		{127F8A6F-F4A3-4414-AFDE-ACA50CF43DBD}.Debug|Any CPU.ActiveCfg = Debug|Any CPU
		{127F8A6F-F4A3-4414-AFDE-ACA50CF43DBD}.Debug|Any CPU.Build.0 = Debug|Any CPU
		{127F8A6F-F4A3-4414-AFDE-ACA50CF43DBD}.Debug|x64.ActiveCfg = Debug|Any CPU
		{127F8A6F-F4A3-4414-AFDE-ACA50CF43DBD}.Debug|x64.Build.0 = Debug|Any CPU
		{127F8A6F-F4A3-4414-AFDE-ACA50CF43DBD}.Debug|x86.ActiveCfg = Debug|Any CPU
		{127F8A6F-F4A3-4414-AFDE-ACA50CF43DBD}.Debug|x86.Build.0 = Debug|Any CPU
		{127F8A6F-F4A3-4414-AFDE-ACA50CF43DBD}.Release|Any CPU.ActiveCfg = Release|Any CPU
		{127F8A6F-F4A3-4414-AFDE-ACA50CF43DBD}.Release|Any CPU.Build.0 = Release|Any CPU
		{127F8A6F-F4A3-4414-AFDE-ACA50CF43DBD}.Release|x64.ActiveCfg = Release|Any CPU
		{127F8A6F-F4A3-4414-AFDE-ACA50CF43DBD}.Release|x64.Build.0 = Release|Any CPU
		{127F8A6F-F4A3-4414-AFDE-ACA50CF43DBD}.Release|x86.ActiveCfg = Release|Any CPU
		{127F8A6F-F4A3-4414-AFDE-ACA50CF43DBD}.Release|x86.Build.0 = Release|Any CPU
		{2DE4039A-4061-475C-8683-8B34A314FC49}.Debug|Any CPU.ActiveCfg = Debug|Any CPU
		{2DE4039A-4061-475C-8683-8B34A314FC49}.Debug|Any CPU.Build.0 = Debug|Any CPU
		{2DE4039A-4061-475C-8683-8B34A314FC49}.Debug|x64.ActiveCfg = Debug|Any CPU
		{2DE4039A-4061-475C-8683-8B34A314FC49}.Debug|x64.Build.0 = Debug|Any CPU
		{2DE4039A-4061-475C-8683-8B34A314FC49}.Debug|x86.ActiveCfg = Debug|Any CPU
		{2DE4039A-4061-475C-8683-8B34A314FC49}.Debug|x86.Build.0 = Debug|Any CPU
		{2DE4039A-4061-475C-8683-8B34A314FC49}.Release|Any CPU.ActiveCfg = Release|Any CPU
		{2DE4039A-4061-475C-8683-8B34A314FC49}.Release|Any CPU.Build.0 = Release|Any CPU
		{2DE4039A-4061-475C-8683-8B34A314FC49}.Release|x64.ActiveCfg = Release|Any CPU
		{2DE4039A-4061-475C-8683-8B34A314FC49}.Release|x64.Build.0 = Release|Any CPU
		{2DE4039A-4061-475C-8683-8B34A314FC49}.Release|x86.ActiveCfg = Release|Any CPU
		{2DE4039A-4061-475C-8683-8B34A314FC49}.Release|x86.Build.0 = Release|Any CPU
		{FEDB0B93-5177-411D-BB54-07352BF9831B}.Debug|Any CPU.ActiveCfg = Debug|Any CPU
		{FEDB0B93-5177-411D-BB54-07352BF9831B}.Debug|Any CPU.Build.0 = Debug|Any CPU
		{FEDB0B93-5177-411D-BB54-07352BF9831B}.Debug|x64.ActiveCfg = Debug|Any CPU
		{FEDB0B93-5177-411D-BB54-07352BF9831B}.Debug|x64.Build.0 = Debug|Any CPU
		{FEDB0B93-5177-411D-BB54-07352BF9831B}.Debug|x86.ActiveCfg = Debug|Any CPU
		{FEDB0B93-5177-411D-BB54-07352BF9831B}.Debug|x86.Build.0 = Debug|Any CPU
		{FEDB0B93-5177-411D-BB54-07352BF9831B}.Release|Any CPU.ActiveCfg = Release|Any CPU
		{FEDB0B93-5177-411D-BB54-07352BF9831B}.Release|Any CPU.Build.0 = Release|Any CPU
		{FEDB0B93-5177-411D-BB54-07352BF9831B}.Release|x64.ActiveCfg = Release|Any CPU
		{FEDB0B93-5177-411D-BB54-07352BF9831B}.Release|x64.Build.0 = Release|Any CPU
		{FEDB0B93-5177-411D-BB54-07352BF9831B}.Release|x86.ActiveCfg = Release|Any CPU
		{FEDB0B93-5177-411D-BB54-07352BF9831B}.Release|x86.Build.0 = Release|Any CPU
		{BDCB4243-8B8F-44D6-B50D-6E72203731F7}.Debug|Any CPU.ActiveCfg = Debug|Any CPU
		{BDCB4243-8B8F-44D6-B50D-6E72203731F7}.Debug|Any CPU.Build.0 = Debug|Any CPU
		{BDCB4243-8B8F-44D6-B50D-6E72203731F7}.Debug|x64.ActiveCfg = Debug|Any CPU
		{BDCB4243-8B8F-44D6-B50D-6E72203731F7}.Debug|x64.Build.0 = Debug|Any CPU
		{BDCB4243-8B8F-44D6-B50D-6E72203731F7}.Debug|x86.ActiveCfg = Debug|Any CPU
		{BDCB4243-8B8F-44D6-B50D-6E72203731F7}.Debug|x86.Build.0 = Debug|Any CPU
		{BDCB4243-8B8F-44D6-B50D-6E72203731F7}.Release|Any CPU.ActiveCfg = Release|Any CPU
		{BDCB4243-8B8F-44D6-B50D-6E72203731F7}.Release|Any CPU.Build.0 = Release|Any CPU
		{BDCB4243-8B8F-44D6-B50D-6E72203731F7}.Release|x64.ActiveCfg = Release|Any CPU
		{BDCB4243-8B8F-44D6-B50D-6E72203731F7}.Release|x64.Build.0 = Release|Any CPU
		{BDCB4243-8B8F-44D6-B50D-6E72203731F7}.Release|x86.ActiveCfg = Release|Any CPU
		{BDCB4243-8B8F-44D6-B50D-6E72203731F7}.Release|x86.Build.0 = Release|Any CPU
		{D1537951-933C-458E-89A6-AC2F1C05ECCC}.Debug|Any CPU.ActiveCfg = Debug|Any CPU
		{D1537951-933C-458E-89A6-AC2F1C05ECCC}.Debug|Any CPU.Build.0 = Debug|Any CPU
		{D1537951-933C-458E-89A6-AC2F1C05ECCC}.Debug|x64.ActiveCfg = Debug|Any CPU
		{D1537951-933C-458E-89A6-AC2F1C05ECCC}.Debug|x64.Build.0 = Debug|Any CPU
		{D1537951-933C-458E-89A6-AC2F1C05ECCC}.Debug|x86.ActiveCfg = Debug|Any CPU
		{D1537951-933C-458E-89A6-AC2F1C05ECCC}.Debug|x86.Build.0 = Debug|Any CPU
		{D1537951-933C-458E-89A6-AC2F1C05ECCC}.Release|Any CPU.ActiveCfg = Release|Any CPU
		{D1537951-933C-458E-89A6-AC2F1C05ECCC}.Release|Any CPU.Build.0 = Release|Any CPU
		{D1537951-933C-458E-89A6-AC2F1C05ECCC}.Release|x64.ActiveCfg = Release|Any CPU
		{D1537951-933C-458E-89A6-AC2F1C05ECCC}.Release|x64.Build.0 = Release|Any CPU
		{D1537951-933C-458E-89A6-AC2F1C05ECCC}.Release|x86.ActiveCfg = Release|Any CPU
		{D1537951-933C-458E-89A6-AC2F1C05ECCC}.Release|x86.Build.0 = Release|Any CPU
		{0B5A5A88-C5D1-428A-9FAA-D11A5210E0BF}.Debug|Any CPU.ActiveCfg = Debug|Any CPU
		{0B5A5A88-C5D1-428A-9FAA-D11A5210E0BF}.Debug|Any CPU.Build.0 = Debug|Any CPU
		{0B5A5A88-C5D1-428A-9FAA-D11A5210E0BF}.Debug|x64.ActiveCfg = Debug|Any CPU
		{0B5A5A88-C5D1-428A-9FAA-D11A5210E0BF}.Debug|x64.Build.0 = Debug|Any CPU
		{0B5A5A88-C5D1-428A-9FAA-D11A5210E0BF}.Debug|x86.ActiveCfg = Debug|Any CPU
		{0B5A5A88-C5D1-428A-9FAA-D11A5210E0BF}.Debug|x86.Build.0 = Debug|Any CPU
		{0B5A5A88-C5D1-428A-9FAA-D11A5210E0BF}.Release|Any CPU.ActiveCfg = Release|Any CPU
		{0B5A5A88-C5D1-428A-9FAA-D11A5210E0BF}.Release|Any CPU.Build.0 = Release|Any CPU
		{0B5A5A88-C5D1-428A-9FAA-D11A5210E0BF}.Release|x64.ActiveCfg = Release|Any CPU
		{0B5A5A88-C5D1-428A-9FAA-D11A5210E0BF}.Release|x64.Build.0 = Release|Any CPU
		{0B5A5A88-C5D1-428A-9FAA-D11A5210E0BF}.Release|x86.ActiveCfg = Release|Any CPU
		{0B5A5A88-C5D1-428A-9FAA-D11A5210E0BF}.Release|x86.Build.0 = Release|Any CPU
		{EB9F8B25-DA74-441F-9A0D-450B005DD418}.Debug|Any CPU.ActiveCfg = Debug|Any CPU
		{EB9F8B25-DA74-441F-9A0D-450B005DD418}.Debug|Any CPU.Build.0 = Debug|Any CPU
		{EB9F8B25-DA74-441F-9A0D-450B005DD418}.Debug|x64.ActiveCfg = Debug|Any CPU
		{EB9F8B25-DA74-441F-9A0D-450B005DD418}.Debug|x64.Build.0 = Debug|Any CPU
		{EB9F8B25-DA74-441F-9A0D-450B005DD418}.Debug|x86.ActiveCfg = Debug|Any CPU
		{EB9F8B25-DA74-441F-9A0D-450B005DD418}.Debug|x86.Build.0 = Debug|Any CPU
		{EB9F8B25-DA74-441F-9A0D-450B005DD418}.Release|Any CPU.ActiveCfg = Release|Any CPU
		{EB9F8B25-DA74-441F-9A0D-450B005DD418}.Release|Any CPU.Build.0 = Release|Any CPU
		{EB9F8B25-DA74-441F-9A0D-450B005DD418}.Release|x64.ActiveCfg = Release|Any CPU
		{EB9F8B25-DA74-441F-9A0D-450B005DD418}.Release|x64.Build.0 = Release|Any CPU
		{EB9F8B25-DA74-441F-9A0D-450B005DD418}.Release|x86.ActiveCfg = Release|Any CPU
		{EB9F8B25-DA74-441F-9A0D-450B005DD418}.Release|x86.Build.0 = Release|Any CPU
		{1235FD19-AAC2-40A0-AE08-6D77A5E40B54}.Debug|Any CPU.ActiveCfg = Debug|Any CPU
		{1235FD19-AAC2-40A0-AE08-6D77A5E40B54}.Debug|Any CPU.Build.0 = Debug|Any CPU
		{1235FD19-AAC2-40A0-AE08-6D77A5E40B54}.Debug|x64.ActiveCfg = Debug|Any CPU
		{1235FD19-AAC2-40A0-AE08-6D77A5E40B54}.Debug|x64.Build.0 = Debug|Any CPU
		{1235FD19-AAC2-40A0-AE08-6D77A5E40B54}.Debug|x86.ActiveCfg = Debug|Any CPU
		{1235FD19-AAC2-40A0-AE08-6D77A5E40B54}.Debug|x86.Build.0 = Debug|Any CPU
		{1235FD19-AAC2-40A0-AE08-6D77A5E40B54}.Release|Any CPU.ActiveCfg = Release|Any CPU
		{1235FD19-AAC2-40A0-AE08-6D77A5E40B54}.Release|Any CPU.Build.0 = Release|Any CPU
		{1235FD19-AAC2-40A0-AE08-6D77A5E40B54}.Release|x64.ActiveCfg = Release|Any CPU
		{1235FD19-AAC2-40A0-AE08-6D77A5E40B54}.Release|x64.Build.0 = Release|Any CPU
		{1235FD19-AAC2-40A0-AE08-6D77A5E40B54}.Release|x86.ActiveCfg = Release|Any CPU
		{1235FD19-AAC2-40A0-AE08-6D77A5E40B54}.Release|x86.Build.0 = Release|Any CPU
	EndGlobalSection
	GlobalSection(SolutionProperties) = preSolution
		HideSolutionNode = FALSE
	EndGlobalSection
	GlobalSection(NestedProjects) = preSolution
		{A0D8F711-000B-4AB0-9144-C0E38E97044E} = {966916F3-7281-4FFF-89C3-D33B5EF6B285}
		{E1F34C9B-C351-4AE3-9005-22184D465D8F} = {966916F3-7281-4FFF-89C3-D33B5EF6B285}
		{7F2A7036-E894-46A0-ADDA-6E69A5387CE4} = {19A59635-F7DD-47A7-B6D3-FEBC5966C7EB}
		{2C77593D-3432-408B-8E94-C41D7BD4242F} = {19A59635-F7DD-47A7-B6D3-FEBC5966C7EB}
		{D3C05DE9-A8A9-4082-81F2-C6D268156AF6} = {7F2A7036-E894-46A0-ADDA-6E69A5387CE4}
		{7241D968-BBC0-4261-B9AE-8F30FF05DBDA} = {075BA023-776A-4B93-BDC7-63310D4C96A5}
		{E7FC977B-1114-4D27-8FC8-DAB3F1323D24} = {075BA023-776A-4B93-BDC7-63310D4C96A5}
		{A0305E4E-0FAE-4EC9-8566-0FC3BF4CF2C4} = {E7FC977B-1114-4D27-8FC8-DAB3F1323D24}
		{1F148E18-2348-487E-9DAE-D8B147D29EB5} = {E7FC977B-1114-4D27-8FC8-DAB3F1323D24}
		{400B9776-45B3-4EAB-855F-61FAF4350123} = {2C99D61C-732B-4DD0-BC09-433FE6FCA8AE}
		{E0C38A2E-C894-4ED6-815B-6EBD0C53B336} = {2C99D61C-732B-4DD0-BC09-433FE6FCA8AE}
		{5FE208FF-0666-47BF-94AD-AA6B1A624741} = {2C99D61C-732B-4DD0-BC09-433FE6FCA8AE}
		{2C99D61C-732B-4DD0-BC09-433FE6FCA8AE} = {B3645E43-67FE-4920-9C53-2C96EC5C18FA}
		{02989C66-B1D1-4E5C-A350-6C3D18D0A6BD} = {B3645E43-67FE-4920-9C53-2C96EC5C18FA}
		{FA5408DB-AF7B-4564-94A4-CF01EE3584B4} = {02989C66-B1D1-4E5C-A350-6C3D18D0A6BD}
		{D339402A-F6FA-4814-869B-11394C5614D4} = {A0D8F711-000B-4AB0-9144-C0E38E97044E}
		{07EAF5E1-F423-4D64-B1F2-B174A81E157B} = {7241D968-BBC0-4261-B9AE-8F30FF05DBDA}
		{DD9F947B-1086-46A3-B02C-B1DC8E6AAD4F} = {7241D968-BBC0-4261-B9AE-8F30FF05DBDA}
		{11161782-4DEB-4A90-BEAF-BF169CCFFB53} = {2C77593D-3432-408B-8E94-C41D7BD4242F}
		{8E1D0932-A9DF-45AF-8ABC-A8C3F493D7E0} = {2C77593D-3432-408B-8E94-C41D7BD4242F}
		{B4FB4DA0-0EBC-4750-8AB4-2492F52A8B7D} = {E7FC977B-1114-4D27-8FC8-DAB3F1323D24}
		{2C21FF98-E045-4FB0-B1F8-B36730DAD203} = {E7FC977B-1114-4D27-8FC8-DAB3F1323D24}
		{770B4C5C-5D60-4333-8920-943C45C0B765} = {2C77593D-3432-408B-8E94-C41D7BD4242F}
		{D5AEBDB0-42D4-4242-A6DB-E5B65484C814} = {770B4C5C-5D60-4333-8920-943C45C0B765}
		{F30D5DD0-F259-49E0-AB1B-84DD8766A37A} = {BD0039F3-FCC6-412B-B48C-1153E58D61FD}
		{3489A372-4DD5-4A9F-A95B-43FF854CBF88} = {F30D5DD0-F259-49E0-AB1B-84DD8766A37A}
		{3E367FAB-417A-4544-9750-80B385DD1FB0} = {F30D5DD0-F259-49E0-AB1B-84DD8766A37A}
		{8533DF4C-9921-48EB-99C8-B0CE0FC1926D} = {2C77593D-3432-408B-8E94-C41D7BD4242F}
		{9306192F-8C38-41D9-BBCD-D99C92CA7B79} = {2C99D61C-732B-4DD0-BC09-433FE6FCA8AE}
		{9DE3572E-8325-4C9C-B43A-2A07B9048E5E} = {02989C66-B1D1-4E5C-A350-6C3D18D0A6BD}
		{DBD6562C-9B8A-4A2B-A695-02151E865B10} = {02989C66-B1D1-4E5C-A350-6C3D18D0A6BD}
		{0A7A6B20-F839-418F-B8E2-440A271C6752} = {85D8A3CF-2708-4EF6-9060-F23A1F12616E}
		{2B1B61F5-ECDD-42E9-91F2-028870B1223C} = {0A7A6B20-F839-418F-B8E2-440A271C6752}
		{B4F68CEC-D601-4BEF-B259-49C6C6125270} = {0A7A6B20-F839-418F-B8E2-440A271C6752}
		{39D1E569-0E33-45BE-A81D-57B0814E25AB} = {2C77593D-3432-408B-8E94-C41D7BD4242F}
		{E08E5928-9DFA-4481-A416-931C2317DE0E} = {09BE882E-BCC8-4CC9-8600-3AABD105A67C}
		{2F6923CB-24D7-49DF-BEBB-6F760C7C2E30} = {09BE882E-BCC8-4CC9-8600-3AABD105A67C}
		{A53DC85B-CBBA-4C1D-B5C3-5BBB52A6AB85} = {2F6923CB-24D7-49DF-BEBB-6F760C7C2E30}
		{E95EF982-A9D6-49F2-9F8D-DFBBDA61DAB8} = {FC332118-F8B8-48DC-A7EA-AC7559CD4A98}
		{FC332118-F8B8-48DC-A7EA-AC7559CD4A98} = {E7ABD1F8-09DC-41FC-A2B8-6891A1D96AB5}
		{FE787422-9AB3-4065-A6D9-97511EC6141C} = {E7ABD1F8-09DC-41FC-A2B8-6891A1D96AB5}
		{FC6F36F4-EFA7-4137-98D2-DA7241B57EE2} = {FE787422-9AB3-4065-A6D9-97511EC6141C}
		{0A091C10-F06C-4260-AEC6-4332E27C3E70} = {09BE882E-BCC8-4CC9-8600-3AABD105A67C}
		{127F8A6F-F4A3-4414-AFDE-ACA50CF43DBD} = {83922B1D-D32A-4A37-9302-054089FCF9CE}
		{2DE4039A-4061-475C-8683-8B34A314FC49} = {CBED50A6-2ACC-4454-B597-CCD282578163}
		{FEDB0B93-5177-411D-BB54-07352BF9831B} = {CBED50A6-2ACC-4454-B597-CCD282578163}
		{CBED50A6-2ACC-4454-B597-CCD282578163} = {A53DC85B-CBBA-4C1D-B5C3-5BBB52A6AB85}
		{83922B1D-D32A-4A37-9302-054089FCF9CE} = {A53DC85B-CBBA-4C1D-B5C3-5BBB52A6AB85}
		{BDCB4243-8B8F-44D6-B50D-6E72203731F7} = {770B4C5C-5D60-4333-8920-943C45C0B765}
		{D1537951-933C-458E-89A6-AC2F1C05ECCC} = {7F2A7036-E894-46A0-ADDA-6E69A5387CE4}
		{618AA558-E14A-4152-90D2-DF718974B9A1} = {A53DC85B-CBBA-4C1D-B5C3-5BBB52A6AB85}
		{0B5A5A88-C5D1-428A-9FAA-D11A5210E0BF} = {618AA558-E14A-4152-90D2-DF718974B9A1}
		{EB9F8B25-DA74-441F-9A0D-450B005DD418} = {F30D5DD0-F259-49E0-AB1B-84DD8766A37A}
		{1235FD19-AAC2-40A0-AE08-6D77A5E40B54} = {618AA558-E14A-4152-90D2-DF718974B9A1}
		{76982E07-8EDC-4D4C-9977-DF3EB581C4C7} = {A53DC85B-CBBA-4C1D-B5C3-5BBB52A6AB85}
	EndGlobalSection
	GlobalSection(ExtensibilityGlobals) = postSolution
		SolutionGuid = {99D50E81-8A37-4BB9-A435-C2C98430D600}
	EndGlobalSection
EndGlobal
